
Microsoft Visual Studio Solution File, Format Version 12.00
# Visual Studio Version 17
VisualStudioVersion = 17.5.002.0
MinimumVisualStudioVersion = 10.0.40219.1
Project("{9A19103F-16F7-4668-BE54-9A1E7A4F7556}") = "PayrollLibrary", "PayrollLibrary\PayrollLibrary.csproj", "{FAC308C3-2CED-4A2A-85B9-8236DDB67A21}"
EndProject
Global
	GlobalSection(SolutionConfigurationPlatforms) = preSolution
		Debug|Any CPU = Debug|Any CPU
		Release|Any CPU = Release|Any CPU
	EndGlobalSection
	GlobalSection(ProjectConfigurationPlatforms) = postSolution
		{FAC308C3-2CED-4A2A-85B9-8236DDB67A21}.Debug|Any CPU.ActiveCfg = Debug|Any CPU
		{FAC308C3-2CED-4A2A-85B9-8236DDB67A21}.Debug|Any CPU.Build.0 = Debug|Any CPU
		{FAC308C3-2CED-4A2A-85B9-8236DDB67A21}.Release|Any CPU.ActiveCfg = Release|Any CPU
		{FAC308C3-2CED-4A2A-85B9-8236DDB67A21}.Release|Any CPU.Build.0 = Release|Any CPU
	EndGlobalSection
	GlobalSection(SolutionProperties) = preSolution
		HideSolutionNode = FALSE
	EndGlobalSection
	GlobalSection(ExtensibilityGlobals) = postSolution
		SolutionGuid = {B73DC1CE-AEE0-4DDB-9E1C-D333474B35D7}
	EndGlobalSection
EndGlobal
